
Microsoft Visual Studio Solution File, Format Version 12.00
# Visual Studio Version 17
VisualStudioVersion = 17.7.34202.233
MinimumVisualStudioVersion = 10.0.40219.1
Project("{8BC9CEB8-8B4A-11D0-8D11-00A0C91BC942}") = "BasicAddition", "Project1\Project1.vcxproj", "{27A0D37D-4D2E-4484-AB3A-D8A08179F5B3}"
EndProject
Project("{8BC9CEB8-8B4A-11D0-8D11-00A0C91BC942}") = "BlackScholes", "Project2\Project2.vcxproj", "{E2947DE9-E94C-4E71-B028-A4289F6B523D}"
EndProject
Project("{8BC9CEB8-8B4A-11D0-8D11-00A0C91BC942}") = "MatrixMultiplication", "MatrixMultiplication\MatrixMultiplication.vcxproj", "{06B2B574-628C-46AC-B345-1A5148A413A0}"
EndProject
Project("{8BC9CEB8-8B4A-11D0-8D11-00A0C91BC942}") = "BasicPipeline", "BasicPipeline\BasicPipeline.vcxproj", "{7275942A-6058-401A-A605-450911DF736C}"
EndProject
Project("{8BC9CEB8-8B4A-11D0-8D11-00A0C91BC942}") = "SumOfNumbers", "SumOfNumbers\SumOfNumbers.vcxproj", "{678CB5C6-B68D-438D-A034-A5879E637A74}"
EndProject
Global
	GlobalSection(SolutionConfigurationPlatforms) = preSolution
		Debug|x64 = Debug|x64
		Debug|x86 = Debug|x86
		Release|x64 = Release|x64
		Release|x86 = Release|x86
	EndGlobalSection
	GlobalSection(ProjectConfigurationPlatforms) = postSolution
		{27A0D37D-4D2E-4484-AB3A-D8A08179F5B3}.Debug|x64.ActiveCfg = Debug|x64
		{27A0D37D-4D2E-4484-AB3A-D8A08179F5B3}.Debug|x64.Build.0 = Debug|x64
		{27A0D37D-4D2E-4484-AB3A-D8A08179F5B3}.Debug|x86.ActiveCfg = Debug|Win32
		{27A0D37D-4D2E-4484-AB3A-D8A08179F5B3}.Debug|x86.Build.0 = Debug|Win32
		{27A0D37D-4D2E-4484-AB3A-D8A08179F5B3}.Release|x64.ActiveCfg = Release|x64
		{27A0D37D-4D2E-4484-AB3A-D8A08179F5B3}.Release|x64.Build.0 = Release|x64
		{27A0D37D-4D2E-4484-AB3A-D8A08179F5B3}.Release|x86.ActiveCfg = Release|Win32
		{27A0D37D-4D2E-4484-AB3A-D8A08179F5B3}.Release|x86.Build.0 = Release|Win32
		{E2947DE9-E94C-4E71-B028-A4289F6B523D}.Debug|x64.ActiveCfg = Debug|x64
		{E2947DE9-E94C-4E71-B028-A4289F6B523D}.Debug|x64.Build.0 = Debug|x64
		{E2947DE9-E94C-4E71-B028-A4289F6B523D}.Debug|x86.ActiveCfg = Debug|Win32
		{E2947DE9-E94C-4E71-B028-A4289F6B523D}.Debug|x86.Build.0 = Debug|Win32
		{E2947DE9-E94C-4E71-B028-A4289F6B523D}.Release|x64.ActiveCfg = Release|x64
		{E2947DE9-E94C-4E71-B028-A4289F6B523D}.Release|x64.Build.0 = Release|x64
		{E2947DE9-E94C-4E71-B028-A4289F6B523D}.Release|x86.ActiveCfg = Release|Win32
		{E2947DE9-E94C-4E71-B028-A4289F6B523D}.Release|x86.Build.0 = Release|Win32
		{06B2B574-628C-46AC-B345-1A5148A413A0}.Debug|x64.ActiveCfg = Debug|x64
		{06B2B574-628C-46AC-B345-1A5148A413A0}.Debug|x64.Build.0 = Debug|x64
		{06B2B574-628C-46AC-B345-1A5148A413A0}.Debug|x86.ActiveCfg = Debug|Win32
		{06B2B574-628C-46AC-B345-1A5148A413A0}.Debug|x86.Build.0 = Debug|Win32
		{06B2B574-628C-46AC-B345-1A5148A413A0}.Release|x64.ActiveCfg = Release|x64
		{06B2B574-628C-46AC-B345-1A5148A413A0}.Release|x64.Build.0 = Release|x64
		{06B2B574-628C-46AC-B345-1A5148A413A0}.Release|x86.ActiveCfg = Release|Win32
		{06B2B574-628C-46AC-B345-1A5148A413A0}.Release|x86.Build.0 = Release|Win32
		{7275942A-6058-401A-A605-450911DF736C}.Debug|x64.ActiveCfg = Debug|x64
		{7275942A-6058-401A-A605-450911DF736C}.Debug|x64.Build.0 = Debug|x64
		{7275942A-6058-401A-A605-450911DF736C}.Debug|x86.ActiveCfg = Debug|Win32
		{7275942A-6058-401A-A605-450911DF736C}.Debug|x86.Build.0 = Debug|Win32
		{7275942A-6058-401A-A605-450911DF736C}.Release|x64.ActiveCfg = Release|x64
		{7275942A-6058-401A-A605-450911DF736C}.Release|x64.Build.0 = Release|x64
		{7275942A-6058-401A-A605-450911DF736C}.Release|x86.ActiveCfg = Release|Win32
		{7275942A-6058-401A-A605-450911DF736C}.Release|x86.Build.0 = Release|Win32
		{678CB5C6-B68D-438D-A034-A5879E637A74}.Debug|x64.ActiveCfg = Debug|x64
		{678CB5C6-B68D-438D-A034-A5879E637A74}.Debug|x64.Build.0 = Debug|x64
		{678CB5C6-B68D-438D-A034-A5879E637A74}.Debug|x86.ActiveCfg = Debug|Win32
		{678CB5C6-B68D-438D-A034-A5879E637A74}.Debug|x86.Build.0 = Debug|Win32
		{678CB5C6-B68D-438D-A034-A5879E637A74}.Release|x64.ActiveCfg = Release|x64
		{678CB5C6-B68D-438D-A034-A5879E637A74}.Release|x64.Build.0 = Release|x64
		{678CB5C6-B68D-438D-A034-A5879E637A74}.Release|x86.ActiveCfg = Release|Win32
		{678CB5C6-B68D-438D-A034-A5879E637A74}.Release|x86.Build.0 = Release|Win32
	EndGlobalSection
	GlobalSection(SolutionProperties) = preSolution
		HideSolutionNode = FALSE
	EndGlobalSection
	GlobalSection(ExtensibilityGlobals) = postSolution
		SolutionGuid = {28180E70-18A6-4EA2-A29D-E4DC0C513BF9}
	EndGlobalSection
EndGlobal
